
Microsoft Visual Studio Solution File, Format Version 12.00
# Visual Studio Version 16
VisualStudioVersion = 16.0.31911.196
MinimumVisualStudioVersion = 10.0.40219.1
Project("{FAE04EC0-301F-11D3-BF4B-00C04F79EFBC}") = "Week9", "Week9.csproj", "{3692EC65-CAC9-48FE-9DB6-B9D74803AD26}"
EndProject
Global
	GlobalSection(SolutionConfigurationPlatforms) = preSolution
		Debug|Any CPU = Debug|Any CPU
		Release|Any CPU = Release|Any CPU
	EndGlobalSection
	GlobalSection(ProjectConfigurationPlatforms) = postSolution
		{3692EC65-CAC9-48FE-9DB6-B9D74803AD26}.Debug|Any CPU.ActiveCfg = Debug|Any CPU
		{3692EC65-CAC9-48FE-9DB6-B9D74803AD26}.Debug|Any CPU.Build.0 = Debug|Any CPU
		{3692EC65-CAC9-48FE-9DB6-B9D74803AD26}.Release|Any CPU.ActiveCfg = Release|Any CPU
		{3692EC65-CAC9-48FE-9DB6-B9D74803AD26}.Release|Any CPU.Build.0 = Release|Any CPU
	EndGlobalSection
	GlobalSection(SolutionProperties) = preSolution
		HideSolutionNode = FALSE
	EndGlobalSection
	GlobalSection(ExtensibilityGlobals) = postSolution
		SolutionGuid = {98A90095-6B01-4AC1-8C65-85CD11E8FE3E}
	EndGlobalSection
EndGlobal
